
Microsoft Visual Studio Solution File, Format Version 12.00
# Visual Studio Version 16
VisualStudioVersion = 16.0.30804.86
MinimumVisualStudioVersion = 15.0.26124.0
Project("{FAE04EC0-301F-11D3-BF4B-00C04F79EFBC}") = "Prototype", "Prototype\Prototype.csproj", "{57FD7C56-804E-4DE5-9A9E-02962C7C1EF1}"
EndProject
Global
	GlobalSection(SolutionConfigurationPlatforms) = preSolution
		Debug|Any CPU = Debug|Any CPU
		Debug|x64 = Debug|x64
		Debug|x86 = Debug|x86
		Release|Any CPU = Release|Any CPU
		Release|x64 = Release|x64
		Release|x86 = Release|x86
	EndGlobalSection
	GlobalSection(ProjectConfigurationPlatforms) = postSolution
		{57FD7C56-804E-4DE5-9A9E-02962C7C1EF1}.Debug|Any CPU.ActiveCfg = Debug|Any CPU
		{57FD7C56-804E-4DE5-9A9E-02962C7C1EF1}.Debug|Any CPU.Build.0 = Debug|Any CPU
		{57FD7C56-804E-4DE5-9A9E-02962C7C1EF1}.Debug|x64.ActiveCfg = Debug|Any CPU
		{57FD7C56-804E-4DE5-9A9E-02962C7C1EF1}.Debug|x64.Build.0 = Debug|Any CPU
		{57FD7C56-804E-4DE5-9A9E-02962C7C1EF1}.Debug|x86.ActiveCfg = Debug|Any CPU
		{57FD7C56-804E-4DE5-9A9E-02962C7C1EF1}.Debug|x86.Build.0 = Debug|Any CPU
		{57FD7C56-804E-4DE5-9A9E-02962C7C1EF1}.Release|Any CPU.ActiveCfg = Release|Any CPU
		{57FD7C56-804E-4DE5-9A9E-02962C7C1EF1}.Release|Any CPU.Build.0 = Release|Any CPU
		{57FD7C56-804E-4DE5-9A9E-02962C7C1EF1}.Release|x64.ActiveCfg = Release|Any CPU
		{57FD7C56-804E-4DE5-9A9E-02962C7C1EF1}.Release|x64.Build.0 = Release|Any CPU
		{57FD7C56-804E-4DE5-9A9E-02962C7C1EF1}.Release|x86.ActiveCfg = Release|Any CPU
		{57FD7C56-804E-4DE5-9A9E-02962C7C1EF1}.Release|x86.Build.0 = Release|Any CPU
	EndGlobalSection
	GlobalSection(SolutionProperties) = preSolution
		HideSolutionNode = FALSE
	EndGlobalSection
	GlobalSection(ExtensibilityGlobals) = postSolution
		SolutionGuid = {3D31C98A-148B-4D97-BCB4-BA5407A10380}
	EndGlobalSection
EndGlobal
